<?xml version="1.0" encoding="utf-8"?>
<Project ToolsVersion="4.0" xmlns="http://schemas.microsoft.com/developer/msbuild/2003">
  <ItemGroup>
    <Filter Include="Source Files">
      <UniqueIdentifier>{4FC737F1-C7A5-4376-A066-2A32D752A2FF}</UniqueIdentifier>
      <Extensions>cpp;c;cc;cxx;c++;cppm;ixx;def;odl;idl;hpj;bat;asm;asmx</Extensions>
    </Filter>
    <Filter Include="Header Files">
      <UniqueIdentifier>{93995380-89BD-4b04-88EB-625FBE52EBFB}</UniqueIdentifier>
      <Extensions>h;hh;hpp;hxx;h++;hm;inl;inc;ipp;xsd</Extensions>
    </Filter>
    <Filter Include="Resource Files">
      <UniqueIdentifier>{67DA6AB6-F800-4c08-8B7A-83BB121AAD01}</UniqueIdentifier>
      <Extensions>rc;ico;cur;bmp;dlg;rc2;rct;bin;rgs;gif;jpg;jpeg;jpe;resx;tiff;tif;png;wav;mfcribbon-ms</Extensions>
    </Filter>
    <Filter Include="Header Files\Constraints">
      <UniqueIdentifier>{b45de91f-f120-4d2d-8cbc-66f5361f64db}</UniqueIdentifier>
    </Filter>
    <Filter Include="Header Files\Solvers">
      <UniqueIdentifier>{08211271-7402-4e0f-a5b4-f8dcc9185672}</UniqueIdentifier>
    </Filter>
    <Filter Include="Header Files\Regularizations">
      <UniqueIdentifier>{49dfbe19-6343-4caa-ac90-b58f29d11515}</UniqueIdentifier>
    </Filter>
    <Filter Include="Header Files\Optimizers">
      <UniqueIdentifier>{a897a498-6500-4c20-b27b-f15217b1e11d}</UniqueIdentifier>
    </Filter>
    <Filter Include="Header Files\LinearSolvers">
      <UniqueIdentifier>{d97253b5-2373-45ef-9cec-72979198a4ca}</UniqueIdentifier>
    </Filter>
  </ItemGroup>
  <ItemGroup>
    <ClInclude Include="..\CUDABufferUtil.h">
      <Filter>Header Files</Filter>
    </ClInclude>
    <ClInclude Include="..\CUDAExport.h">
      <Filter>Header Files</Filter>
    </ClInclude>
    <ClInclude Include="..\CUDATest.h">
      <Filter>Header Files</Filter>
    </ClInclude>
    <ClInclude Include="..\ExportCommon.h">
      <Filter>Header Files</Filter>
    </ClInclude>
    <ClInclude Include="..\HelloMayaCUDA.h">
      <Filter>Header Files</Filter>
    </ClInclude>
    <ClInclude Include="..\TypesCommon.h">
      <Filter>Header Files</Filter>
    </ClInclude>
    <ClInclude Include="..\CPPCore\LGSolver\Constraints\Constraint.h">
      <Filter>Header Files\Constraints</Filter>
    </ClInclude>
    <ClInclude Include="..\CPPCore\LGSolver\Constraints\ConstraintCollection.h">
      <Filter>Header Files\Constraints</Filter>
    </ClInclude>
    <ClInclude Include="..\MayaInterface\GeometryOptimizerNode.h">
      <Filter>Header Files\Solvers</Filter>
    </ClInclude>
    <ClInclude Include="..\CPPCore\LGSolver\Solvers\GeometrySolver.h">
      <Filter>Header Files\Solvers</Filter>
    </ClInclude>
    <ClInclude Include="..\CPPCore\LGSolver\Solvers\Solver.h">
      <Filter>Header Files\Solvers</Filter>
    </ClInclude>
    <ClInclude Include="..\CPPCore\LGSolver\Regularizations\Regularizer.h">
      <Filter>Header Files\Regularizations</Filter>
    </ClInclude>
    <ClInclude Include="..\CPPCore\LGSolver\Regularizations\RegularizationTerm.h">
      <Filter>Header Files\Regularizations</Filter>
    </ClInclude>
    <ClInclude Include="..\CPPCore\LGSolver\Constraints\EdgeLengthConstraint.h">
      <Filter>Header Files\Constraints</Filter>
    </ClInclude>
    <ClInclude Include="..\CPPCore\LGSolver\Optimizers\Optimizer.h">
      <Filter>Header Files\Optimizers</Filter>
    </ClInclude>
    <ClInclude Include="..\CPPCore\LGSolver\LinearSolvers\SPDLinearSolver.h">
      <Filter>Header Files\LinearSolvers</Filter>
    </ClInclude>
    <ClInclude Include="..\CPPCore\LGSolver\Regularizations\LaplacianRegTerm.h">
      <Filter>Header Files\Regularizations</Filter>
    </ClInclude>
    <ClInclude Include="..\CPPCore\LGSolver\Regularizations\ClosenessRegTerm.h">
      <Filter>Header Files\Regularizations</Filter>
    </ClInclude>
  </ItemGroup>
  <ItemGroup>
    <ClCompile Include="..\HelloMayaCUDA.cpp">
      <Filter>Source Files</Filter>
    </ClCompile>
    <ClCompile Include="..\CPPOnly\CUDATest_Disable.cpp">
      <Filter>Source Files</Filter>
    </ClCompile>
    <ClCompile Include="..\CPPOnly\CUDAExport_Disable.cpp">
      <Filter>Source Files</Filter>
    </ClCompile>
    <ClCompile Include="..\CPPCore\Dummy.cpp">
      <Filter>Source Files</Filter>
    </ClCompile>
    <ClCompile Include="..\CPPCore\LGSolver\Constraints\Constraint.cpp">
      <Filter>Source Files</Filter>
    </ClCompile>
  </ItemGroup>
  <ItemGroup>
    <None Include="..\CPPCore\LGSolver\Constraints\Constraint.inl">
      <Filter>Header Files\Constraints</Filter>
    </None>
    <None Include="..\CPPCore\LGSolver\Solvers\GeometrySolver.inl">
      <Filter>Header Files\Solvers</Filter>
    </None>
    <None Include="..\CPPCore\LGSolver\Solvers\Solver.inl">
      <Filter>Header Files\Solvers</Filter>
    </None>
    <None Include="..\CPPCore\LGSolver\Regularizations\Regularizer.inl">
      <Filter>Header Files\Regularizations</Filter>
    </None>
    <None Include="..\CPPCore\LGSolver\Optimizers\Optimizer.inl">
      <Filter>Header Files\Optimizers</Filter>
    </None>
    <None Include="..\CPPCore\LGSolver\LinearSolvers\SPDLinearSolver.inl">
      <Filter>Header Files\LinearSolvers</Filter>
    </None>
    <None Include="..\CPPCore\LGSolver\Regularizations\LaplacianRegTerm.inl">
      <Filter>Header Files\Regularizations</Filter>
    </None>
  </ItemGroup>
</Project>