<?xml version="1.0" encoding="utf-8"?>
<Project ToolsVersion="4.0" xmlns="http://schemas.microsoft.com/developer/msbuild/2003">
  <ItemGroup>
    <Filter Include="Source Files">
      <UniqueIdentifier>{4FC737F1-C7A5-4376-A066-2A32D752A2FF}</UniqueIdentifier>
      <Extensions>cpp;c;cc;cxx;c++;cppm;ixx;def;odl;idl;hpj;bat;asm;asmx</Extensions>
    </Filter>
    <Filter Include="Header Files">
      <UniqueIdentifier>{93995380-89BD-4b04-88EB-625FBE52EBFB}</UniqueIdentifier>
      <Extensions>h;hh;hpp;hxx;h++;hm;inl;inc;ipp;xsd</Extensions>
    </Filter>
    <Filter Include="Resource Files">
      <UniqueIdentifier>{67DA6AB6-F800-4c08-8B7A-83BB121AAD01}</UniqueIdentifier>
      <Extensions>rc;ico;cur;bmp;dlg;rc2;rct;bin;rgs;gif;jpg;jpeg;jpe;resx;tiff;tif;png;wav;mfcribbon-ms</Extensions>
    </Filter>
    <Filter Include="Header Files\OptimizerNodes">
      <UniqueIdentifier>{08f08c21-d8fb-42c1-9086-0be0413f0f31}</UniqueIdentifier>
    </Filter>
    <Filter Include="Source Files\OptimizerNodes">
      <UniqueIdentifier>{b5e5d139-ce26-403c-88bf-a17da376bd40}</UniqueIdentifier>
    </Filter>
    <Filter Include="Header Files\LocatorNodes">
      <UniqueIdentifier>{840f524b-3368-4ad3-87b1-3a92693845a9}</UniqueIdentifier>
    </Filter>
    <Filter Include="Source Files\LocatorNodes">
      <UniqueIdentifier>{bcb5b775-9546-45aa-a21a-9a40c875e1ce}</UniqueIdentifier>
    </Filter>
    <Filter Include="Header Files\Commands">
      <UniqueIdentifier>{74bb11c4-e637-4e52-a3f9-5c3b9356ab05}</UniqueIdentifier>
    </Filter>
    <Filter Include="Source Files\Commands">
      <UniqueIdentifier>{248b1ada-9d4a-4757-97e1-f90ae3902a6f}</UniqueIdentifier>
    </Filter>
  </ItemGroup>
  <ItemGroup>
    <ClInclude Include="..\..\Codes\CUDAExportCommon.h">
      <Filter>Header Files</Filter>
    </ClInclude>
    <ClInclude Include="..\..\Codes\MayaInterface\GeometryOptimizerNode.h">
      <Filter>Header Files\OptimizerNodes</Filter>
    </ClInclude>
    <ClInclude Include="..\..\Codes\MayaInterface\PlanarizationNode.h">
      <Filter>Header Files\OptimizerNodes</Filter>
    </ClInclude>
    <ClInclude Include="..\..\Codes\HelloMaya.h">
      <Filter>Header Files</Filter>
    </ClInclude>
    <ClInclude Include="..\..\Codes\MayaInterface\MayaToEigenConverter.h">
      <Filter>Header Files</Filter>
    </ClInclude>
    <ClInclude Include="..\..\Codes\MayaInterface\TestBoundingSphereNode.h">
      <Filter>Header Files\OptimizerNodes</Filter>
    </ClInclude>
    <ClInclude Include="..\..\Codes\MayaInterface\ARAP3DNode.h">
      <Filter>Header Files\OptimizerNodes</Filter>
    </ClInclude>
    <ClInclude Include="..\..\Codes\MayaInterface\MayaNodeCommon.h">
      <Filter>Header Files</Filter>
    </ClInclude>
    <ClInclude Include="..\..\Codes\MayaInterface\ARAP3DHandleLocator.h">
      <Filter>Header Files\LocatorNodes</Filter>
    </ClInclude>
    <ClInclude Include="..\..\Codes\MayaInterface\CreateARAP3DHandleLocatorCommand.h">
      <Filter>Header Files\Commands</Filter>
    </ClInclude>
  </ItemGroup>
  <ItemGroup>
    <ClCompile Include="..\..\Codes\pch.cpp">
      <Filter>Source Files</Filter>
    </ClCompile>
    <ClCompile Include="..\..\Codes\MayaInterface\PlanarizationNode.cpp">
      <Filter>Source Files\OptimizerNodes</Filter>
    </ClCompile>
    <ClCompile Include="..\..\Codes\MayaInterface\GeometryOptimizerNode.cpp">
      <Filter>Source Files\OptimizerNodes</Filter>
    </ClCompile>
    <ClCompile Include="..\..\Codes\HelloMaya.cpp">
      <Filter>Source Files</Filter>
    </ClCompile>
    <ClCompile Include="..\..\Codes\MayaInterface\MayaToEigenConverter.cpp">
      <Filter>Source Files</Filter>
    </ClCompile>
    <ClCompile Include="..\..\Codes\MayaInterface\TestBoundingSphereNode.cpp">
      <Filter>Source Files\OptimizerNodes</Filter>
    </ClCompile>
    <ClCompile Include="..\..\Codes\MayaInterface\ARAP3DNode.cpp">
      <Filter>Source Files\OptimizerNodes</Filter>
    </ClCompile>
    <ClCompile Include="..\..\Codes\MayaInterface\ARAP3DHandleLocator.cpp">
      <Filter>Source Files\LocatorNodes</Filter>
    </ClCompile>
    <ClCompile Include="..\..\Codes\MayaInterface\CreateARAP3DHandleLocatorCommand.cpp">
      <Filter>Source Files\Commands</Filter>
    </ClCompile>
  </ItemGroup>
</Project>