<?xml version="1.0" encoding="utf-8"?>
<Project ToolsVersion="4.0" xmlns="http://schemas.microsoft.com/developer/msbuild/2003">
  <ItemGroup>
    <Filter Include="Header Files">
      <UniqueIdentifier>{e3df150e-a4e1-4e87-8c9e-b83b9dcaa6b1}</UniqueIdentifier>
    </Filter>
    <Filter Include="Source Files">
      <UniqueIdentifier>{8eb171ca-0f6b-4ef5-808b-14408b3bfc8f}</UniqueIdentifier>
    </Filter>
    <Filter Include="Source Files CUDA">
      <UniqueIdentifier>{0501e854-c41b-4502-92c5-1070aa16ac11}</UniqueIdentifier>
    </Filter>
    <Filter Include="Source Files\OptimizerNodes">
      <UniqueIdentifier>{88370296-6097-4790-abe5-3d25100b0e47}</UniqueIdentifier>
    </Filter>
    <Filter Include="Header Files\OptimizerNodes">
      <UniqueIdentifier>{86b1b94d-7a28-4b4e-94b3-83117e13756f}</UniqueIdentifier>
    </Filter>
  </ItemGroup>
  <ItemGroup>
    <ClCompile Include="..\..\Codes\pch.cpp">
      <Filter>Source Files</Filter>
    </ClCompile>
    <ClCompile Include="..\..\Codes\HelloMaya.cpp">
      <Filter>Source Files</Filter>
    </ClCompile>
    <ClCompile Include="..\..\Codes\MayaInterface\PlanarizationNode.cpp">
      <Filter>Source Files\OptimizerNodes</Filter>
    </ClCompile>
    <ClCompile Include="..\..\Codes\MayaInterface\GeometryOptimizerNode.cpp">
      <Filter>Source Files\OptimizerNodes</Filter>
    </ClCompile>
    <ClCompile Include="..\..\Codes\MayaInterface\MayaToEigenConverter.cpp">
      <Filter>Source Files</Filter>
    </ClCompile>
    <ClCompile Include="..\..\Codes\MayaInterface\TestBoundingSphereNode.cpp">
      <Filter>Source Files\OptimizerNodes</Filter>
    </ClCompile>
  </ItemGroup>
  <ItemGroup>
    <ClInclude Include="..\..\Codes\MayaExport.h">
      <Filter>Header Files</Filter>
    </ClInclude>
    <ClInclude Include="..\..\Codes\ExportCommon.h">
      <Filter>Header Files</Filter>
    </ClInclude>
    <ClInclude Include="..\..\Codes\HelloMaya.h">
      <Filter>Header Files</Filter>
    </ClInclude>
    <ClInclude Include="..\..\Codes\MayaInterface\GeometryOptimizerNode.h">
      <Filter>Header Files\OptimizerNodes</Filter>
    </ClInclude>
    <ClInclude Include="..\..\Codes\MayaInterface\PlanarizationNode.h">
      <Filter>Header Files\OptimizerNodes</Filter>
    </ClInclude>
    <ClInclude Include="..\..\Codes\MayaInterface\MayaToEigenConverter.h">
      <Filter>Header Files</Filter>
    </ClInclude>
    <ClInclude Include="..\..\Codes\MayaInterface\TestBoundingSphereNode.h">
      <Filter>Header Files\OptimizerNodes</Filter>
    </ClInclude>
  </ItemGroup>
</Project>