<?xml version="1.0" encoding="utf-8"?>
<Project ToolsVersion="4.0" xmlns="http://schemas.microsoft.com/developer/msbuild/2003">
  <ItemGroup>
    <Filter Include="Header Files">
      <UniqueIdentifier>{e3df150e-a4e1-4e87-8c9e-b83b9dcaa6b1}</UniqueIdentifier>
    </Filter>
    <Filter Include="Source Files">
      <UniqueIdentifier>{8eb171ca-0f6b-4ef5-808b-14408b3bfc8f}</UniqueIdentifier>
    </Filter>
    <Filter Include="Source Files CUDA">
      <UniqueIdentifier>{0501e854-c41b-4502-92c5-1070aa16ac11}</UniqueIdentifier>
    </Filter>
    <Filter Include="Source Files\OptimizerNodes">
      <UniqueIdentifier>{88370296-6097-4790-abe5-3d25100b0e47}</UniqueIdentifier>
    </Filter>
    <Filter Include="Header Files\OptimizerNodes">
      <UniqueIdentifier>{86b1b94d-7a28-4b4e-94b3-83117e13756f}</UniqueIdentifier>
    </Filter>
    <Filter Include="Header Files\LocatorNodes">
      <UniqueIdentifier>{f20d68a1-70e4-4c0c-9d9c-d60e13c6849d}</UniqueIdentifier>
    </Filter>
    <Filter Include="Source Files\LocatorNodes">
      <UniqueIdentifier>{c2b74dbe-19bd-4b6b-9266-6c7e5e8da904}</UniqueIdentifier>
    </Filter>
    <Filter Include="Header Files\Commands">
      <UniqueIdentifier>{e663c8da-1523-48cb-8cfb-1dca6456ed40}</UniqueIdentifier>
    </Filter>
    <Filter Include="Source Files\Commands">
      <UniqueIdentifier>{c2151325-7110-4646-a07c-5aa0ff7e661a}</UniqueIdentifier>
    </Filter>
  </ItemGroup>
  <ItemGroup>
    <ClCompile Include="..\..\Codes\pch.cpp">
      <Filter>Source Files</Filter>
    </ClCompile>
    <ClCompile Include="..\..\Codes\HelloMaya.cpp">
      <Filter>Source Files</Filter>
    </ClCompile>
    <ClCompile Include="..\..\Codes\MayaInterface\PlanarizationNode.cpp">
      <Filter>Source Files\OptimizerNodes</Filter>
    </ClCompile>
    <ClCompile Include="..\..\Codes\MayaInterface\GeometryOptimizerNode.cpp">
      <Filter>Source Files\OptimizerNodes</Filter>
    </ClCompile>
    <ClCompile Include="..\..\Codes\MayaInterface\MayaToEigenConverter.cpp">
      <Filter>Source Files</Filter>
    </ClCompile>
    <ClCompile Include="..\..\Codes\MayaInterface\TestBoundingSphereNode.cpp">
      <Filter>Source Files\OptimizerNodes</Filter>
    </ClCompile>
    <ClCompile Include="..\..\Codes\MayaInterface\ARAP3DNode.cpp">
      <Filter>Source Files\OptimizerNodes</Filter>
    </ClCompile>
    <ClCompile Include="..\..\Codes\MayaInterface\ARAP3DHandleLocator.cpp">
      <Filter>Source Files\LocatorNodes</Filter>
    </ClCompile>
    <ClCompile Include="..\..\Codes\MayaInterface\CreateARAP3DHandleLocatorCommand.cpp">
      <Filter>Source Files\Commands</Filter>
    </ClCompile>
    <ClCompile Include="..\..\Codes\MayaInterface\iglARAP3DNode.cpp">
      <Filter>Source Files\OptimizerNodes</Filter>
    </ClCompile>
  </ItemGroup>
  <ItemGroup>
    <ClInclude Include="..\..\Codes\MayaExport.h">
      <Filter>Header Files</Filter>
    </ClInclude>
    <ClInclude Include="..\..\Codes\ExportCommon.h">
      <Filter>Header Files</Filter>
    </ClInclude>
    <ClInclude Include="..\..\Codes\HelloMaya.h">
      <Filter>Header Files</Filter>
    </ClInclude>
    <ClInclude Include="..\..\Codes\MayaInterface\GeometryOptimizerNode.h">
      <Filter>Header Files\OptimizerNodes</Filter>
    </ClInclude>
    <ClInclude Include="..\..\Codes\MayaInterface\PlanarizationNode.h">
      <Filter>Header Files\OptimizerNodes</Filter>
    </ClInclude>
    <ClInclude Include="..\..\Codes\MayaInterface\MayaToEigenConverter.h">
      <Filter>Header Files</Filter>
    </ClInclude>
    <ClInclude Include="..\..\Codes\MayaInterface\TestBoundingSphereNode.h">
      <Filter>Header Files\OptimizerNodes</Filter>
    </ClInclude>
    <ClInclude Include="..\..\Codes\MayaInterface\ARAP3DNode.h">
      <Filter>Header Files\OptimizerNodes</Filter>
    </ClInclude>
    <ClInclude Include="..\..\Codes\MayaInterface\MayaNodeCommon.h">
      <Filter>Header Files</Filter>
    </ClInclude>
    <ClInclude Include="..\..\Codes\MayaInterface\ARAP3DHandleLocator.h">
      <Filter>Header Files\LocatorNodes</Filter>
    </ClInclude>
    <ClInclude Include="..\..\Codes\MayaInterface\CreateARAP3DHandleLocatorCommand.h">
      <Filter>Header Files\Commands</Filter>
    </ClInclude>
    <ClInclude Include="..\..\Codes\MayaInterface\iglARAP3DNode.h">
      <Filter>Header Files\OptimizerNodes</Filter>
    </ClInclude>
  </ItemGroup>
</Project>