<?xml version="1.0" encoding="utf-8"?>
<Project ToolsVersion="4.0" xmlns="http://schemas.microsoft.com/developer/msbuild/2003">
  <ItemGroup>
    <CudaCompile Include="..\CUDACore\CUDAExport.cu">
      <Filter>Source Files CUDA</Filter>
    </CudaCompile>
    <CudaCompile Include="..\CUDACore\CUDATest.cu">
      <Filter>Source Files CUDA</Filter>
    </CudaCompile>
    <CudaCompile Include="..\CUDACore\CUDAUpdatePositionSimple.cu">
      <Filter>Source Files CUDA</Filter>
    </CudaCompile>
  </ItemGroup>
  <ItemGroup>
    <Filter Include="Header Files">
      <UniqueIdentifier>{e3df150e-a4e1-4e87-8c9e-b83b9dcaa6b1}</UniqueIdentifier>
    </Filter>
    <Filter Include="Source Files">
      <UniqueIdentifier>{8eb171ca-0f6b-4ef5-808b-14408b3bfc8f}</UniqueIdentifier>
    </Filter>
    <Filter Include="Source Files CUDA">
      <UniqueIdentifier>{0501e854-c41b-4502-92c5-1070aa16ac11}</UniqueIdentifier>
    </Filter>
  </ItemGroup>
  <ItemGroup>
    <ClInclude Include="..\CUDAUtil.cuh">
      <Filter>Header Files</Filter>
    </ClInclude>
  </ItemGroup>
  <ItemGroup>
    <ClCompile Include="..\HelloMayaCUDA.cpp">
      <Filter>Source Files</Filter>
    </ClCompile>
    <ClCompile Include="..\CPPCore\Dummy.cpp">
      <Filter>Source Files</Filter>
    </ClCompile>
  </ItemGroup>
</Project>